
Microsoft Visual Studio Solution File, Format Version 11.00
# Visual Studio 2010
Project("{FAE04EC0-301F-11D3-BF4B-00C04F79EFBC}") = "Rogue Adventure", "Assembly-CSharp.csproj", "{C24064BC-6437-B4AC-D930-85403A4ACB55}"
EndProject
Global
	GlobalSection(SolutionConfigurationPlatforms) = preSolution
		Debug|Any CPU = Debug|Any CPU
		Release|Any CPU = Release|Any CPU
	EndGlobalSection
	GlobalSection(ProjectConfigurationPlatforms) = postSolution
		{C24064BC-6437-B4AC-D930-85403A4ACB55}.Debug|Any CPU.ActiveCfg = Debug|Any CPU
		{C24064BC-6437-B4AC-D930-85403A4ACB55}.Debug|Any CPU.Build.0 = Debug|Any CPU
		{C24064BC-6437-B4AC-D930-85403A4ACB55}.Release|Any CPU.ActiveCfg = Release|Any CPU
		{C24064BC-6437-B4AC-D930-85403A4ACB55}.Release|Any CPU.Build.0 = Release|Any CPU
	EndGlobalSection
	GlobalSection(SolutionProperties) = preSolution
		HideSolutionNode = FALSE
	EndGlobalSection
	GlobalSection(MonoDevelopProperties) = preSolution
		StartupItem = Assembly-CSharp.csproj
	EndGlobalSection
EndGlobal
